
Microsoft Visual Studio Solution File, Format Version 12.00
# Visual Studio 2013
VisualStudioVersion = 12.0.21005.1
MinimumVisualStudioVersion = 10.0.40219.1
Project("{8BC9CEB8-8B4A-11D0-8D11-00A0C91BC942}") = "Pi to the nth Digit", "Pi to the nth Digit\Pi to the nth Digit.vcxproj", "{DB2D0C77-F3F9-49A6-A833-0C795C53FFA2}"
EndProject
Global
	GlobalSection(SolutionConfigurationPlatforms) = preSolution
		Debug|Win32 = Debug|Win32
		Release|Win32 = Release|Win32
	EndGlobalSection
	GlobalSection(ProjectConfigurationPlatforms) = postSolution
		{DB2D0C77-F3F9-49A6-A833-0C795C53FFA2}.Debug|Win32.ActiveCfg = Debug|Win32
		{DB2D0C77-F3F9-49A6-A833-0C795C53FFA2}.Debug|Win32.Build.0 = Debug|Win32
		{DB2D0C77-F3F9-49A6-A833-0C795C53FFA2}.Release|Win32.ActiveCfg = Release|Win32
		{DB2D0C77-F3F9-49A6-A833-0C795C53FFA2}.Release|Win32.Build.0 = Release|Win32
	EndGlobalSection
	GlobalSection(SolutionProperties) = preSolution
		HideSolutionNode = FALSE
	EndGlobalSection
EndGlobal
